
Microsoft Visual Studio Solution File, Format Version 12.00
# Visual Studio Version 16
VisualStudioVersion = 16.0.30011.22
MinimumVisualStudioVersion = 10.0.40219.1
Project("{9A19103F-16F7-4668-BE54-9A1E7A4F7556}") = "Entities", "Entities\Entities.csproj", "{CB322B46-35F4-4096-A314-9E96B9473693}"
EndProject
Project("{9A19103F-16F7-4668-BE54-9A1E7A4F7556}") = "DataAccess", "DataAccess\DataAccess.csproj", "{79CB6A19-0F48-4926-9072-EDCC405C4A83}"
EndProject
Project("{9A19103F-16F7-4668-BE54-9A1E7A4F7556}") = "Bussiness", "Bussiness\Bussiness.csproj", "{5B55C18C-A4B7-49B6-8635-C489585F579F}"
EndProject
Project("{9A19103F-16F7-4668-BE54-9A1E7A4F7556}") = "Console", "Console\Console.csproj", "{0F35F3AC-ABA0-4B09-8572-B3F5D6031FDC}"
EndProject
Project("{FAE04EC0-301F-11D3-BF4B-00C04F79EFBC}") = "Core", "Core\Core.csproj", "{19B4805A-9383-43B4-9F6F-1D5E05620D0A}"
EndProject
Project("{FAE04EC0-301F-11D3-BF4B-00C04F79EFBC}") = "WebAPI", "WebAPI\WebAPI.csproj", "{E2E85B2D-5F47-4137-A4C0-AE34A6F99A30}"
EndProject
Global
	GlobalSection(SolutionConfigurationPlatforms) = preSolution
		Debug|Any CPU = Debug|Any CPU
		Release|Any CPU = Release|Any CPU
	EndGlobalSection
	GlobalSection(ProjectConfigurationPlatforms) = postSolution
		{CB322B46-35F4-4096-A314-9E96B9473693}.Debug|Any CPU.ActiveCfg = Debug|Any CPU
		{CB322B46-35F4-4096-A314-9E96B9473693}.Debug|Any CPU.Build.0 = Debug|Any CPU
		{CB322B46-35F4-4096-A314-9E96B9473693}.Release|Any CPU.ActiveCfg = Release|Any CPU
		{CB322B46-35F4-4096-A314-9E96B9473693}.Release|Any CPU.Build.0 = Release|Any CPU
		{79CB6A19-0F48-4926-9072-EDCC405C4A83}.Debug|Any CPU.ActiveCfg = Debug|Any CPU
		{79CB6A19-0F48-4926-9072-EDCC405C4A83}.Debug|Any CPU.Build.0 = Debug|Any CPU
		{79CB6A19-0F48-4926-9072-EDCC405C4A83}.Release|Any CPU.ActiveCfg = Release|Any CPU
		{79CB6A19-0F48-4926-9072-EDCC405C4A83}.Release|Any CPU.Build.0 = Release|Any CPU
		{5B55C18C-A4B7-49B6-8635-C489585F579F}.Debug|Any CPU.ActiveCfg = Debug|Any CPU
		{5B55C18C-A4B7-49B6-8635-C489585F579F}.Debug|Any CPU.Build.0 = Debug|Any CPU
		{5B55C18C-A4B7-49B6-8635-C489585F579F}.Release|Any CPU.ActiveCfg = Release|Any CPU
		{5B55C18C-A4B7-49B6-8635-C489585F579F}.Release|Any CPU.Build.0 = Release|Any CPU
		{0F35F3AC-ABA0-4B09-8572-B3F5D6031FDC}.Debug|Any CPU.ActiveCfg = Debug|Any CPU
		{0F35F3AC-ABA0-4B09-8572-B3F5D6031FDC}.Debug|Any CPU.Build.0 = Debug|Any CPU
		{0F35F3AC-ABA0-4B09-8572-B3F5D6031FDC}.Release|Any CPU.ActiveCfg = Release|Any CPU
		{0F35F3AC-ABA0-4B09-8572-B3F5D6031FDC}.Release|Any CPU.Build.0 = Release|Any CPU
		{19B4805A-9383-43B4-9F6F-1D5E05620D0A}.Debug|Any CPU.ActiveCfg = Debug|Any CPU
		{19B4805A-9383-43B4-9F6F-1D5E05620D0A}.Debug|Any CPU.Build.0 = Debug|Any CPU
		{19B4805A-9383-43B4-9F6F-1D5E05620D0A}.Release|Any CPU.ActiveCfg = Release|Any CPU
		{19B4805A-9383-43B4-9F6F-1D5E05620D0A}.Release|Any CPU.Build.0 = Release|Any CPU
		{E2E85B2D-5F47-4137-A4C0-AE34A6F99A30}.Debug|Any CPU.ActiveCfg = Debug|Any CPU
		{E2E85B2D-5F47-4137-A4C0-AE34A6F99A30}.Debug|Any CPU.Build.0 = Debug|Any CPU
		{E2E85B2D-5F47-4137-A4C0-AE34A6F99A30}.Release|Any CPU.ActiveCfg = Release|Any CPU
		{E2E85B2D-5F47-4137-A4C0-AE34A6F99A30}.Release|Any CPU.Build.0 = Release|Any CPU
	EndGlobalSection
	GlobalSection(SolutionProperties) = preSolution
		HideSolutionNode = FALSE
	EndGlobalSection
	GlobalSection(ExtensibilityGlobals) = postSolution
		SolutionGuid = {CCB6D55C-A839-4029-8BAE-E146A8BD9342}
	EndGlobalSection
EndGlobal
